Microsoft Visual Studio Solution File, Format Version 12.00
# Visual Studio Version 17
VisualStudioVersion = 17.0.31903.59
MinimumVisualStudioVersion = 10.0.40219.1
Project("{FAE04EC0-301F-11D3-BF4B-00C04F79EFBC}") = "PortSearcherWin.Core", "PortSearcherWin.Core\PortSearcherWin.Core.csproj", "{8A854C28-44A3-4EC3-A109-2B96AC40D9B9}"
EndProject
Project("{FAE04EC0-301F-11D3-BF4B-00C04F79EFBC}") = "PortSearcherWin.CLI", "PortSearcherWin.CLI\PortSearcherWin.CLI.csproj", "{2D1B6DFB-662B-45BC-B4A1-F2B3E1F55C9C}"
EndProject
Project("{FAE04EC0-301F-11D3-BF4B-00C04F79EFBC}") = "PortSearcherWin.GUI", "PortSearcherWin.GUI\PortSearcherWin.GUI.csproj", "{5C7E6A93-E7AF-4B28-8FD5-3C7E4F281BC3}"
EndProject
Global
	GlobalSection(SolutionConfigurationPlatforms) = preSolution
		Debug|Any CPU = Debug|Any CPU
		Release|Any CPU = Release|Any CPU
	EndGlobalSection
	GlobalSection(ProjectConfigurationPlatforms) = postSolution
		{8A854C28-44A3-4EC3-A109-2B96AC40D9B9}.Debug|Any CPU.ActiveCfg = Debug|Any CPU
		{8A854C28-44A3-4EC3-A109-2B96AC40D9B9}.Debug|Any CPU.Build.0 = Debug|Any CPU
		{8A854C28-44A3-4EC3-A109-2B96AC40D9B9}.Release|Any CPU.ActiveCfg = Release|Any CPU
		{8A854C28-44A3-4EC3-A109-2B96AC40D9B9}.Release|Any CPU.Build.0 = Release|Any CPU
		{2D1B6DFB-662B-45BC-B4A1-F2B3E1F55C9C}.Debug|Any CPU.ActiveCfg = Debug|Any CPU
		{2D1B6DFB-662B-45BC-B4A1-F2B3E1F55C9C}.Debug|Any CPU.Build.0 = Debug|Any CPU
		{2D1B6DFB-662B-45BC-B4A1-F2B3E1F55C9C}.Release|Any CPU.ActiveCfg = Release|Any CPU
		{2D1B6DFB-662B-45BC-B4A1-F2B3E1F55C9C}.Release|Any CPU.Build.0 = Release|Any CPU
		{5C7E6A93-E7AF-4B28-8FD5-3C7E4F281BC3}.Debug|Any CPU.ActiveCfg = Debug|Any CPU
		{5C7E6A93-E7AF-4B28-8FD5-3C7E4F281BC3}.Debug|Any CPU.Build.0 = Debug|Any CPU
		{5C7E6A93-E7AF-4B28-8FD5-3C7E4F281BC3}.Release|Any CPU.ActiveCfg = Release|Any CPU
		{5C7E6A93-E7AF-4B28-8FD5-3C7E4F281BC3}.Release|Any CPU.Build.0 = Release|Any CPU
	EndGlobalSection
EndGlobal
